uuid: 14e86928-803b-4721-bdb7-19bfbc798caf
langcode: en
status: false
dependencies:
  content:
    - 'block_content:basic:footer-links-block'
  module:
    - block_content
active_version: 96004db1c9984192
versioned_properties:
  active:
    settings:
      default_settings:
        id: 'block_content:footer-links-block'
        label: 'Footer Quick Links'
        label_display: '0'
        provider: block_content
        view_mode: full
    fallback_metadata:
      slot_definitions: null
  9a15d32b53f7eddd:
    settings:
      default_settings:
        id: 'block_content:footer-links-block'
        label: 'Footer Quick Links'
        label_display: '0'
        provider: block_content
        status: true
        info: ''
        view_mode: full
    fallback_metadata:
      slot_definitions: null
label: 'Footer Quick Links'
id: block.block_content.footer-links-block
provider: block_content
source: block
source_local_id: 'block_content:footer-links-block'
