uuid: 8cefb478-2e1b-486c-89d5-99f9c05966b2
langcode: en
status: false
dependencies:
  content:
    - 'block_content:basic:footer-social-block'
  module:
    - block_content
active_version: aa44000abdf69f00
versioned_properties:
  active:
    settings:
      default_settings:
        id: 'block_content:footer-social-block'
        label: 'Footer Social'
        label_display: '0'
        provider: block_content
        view_mode: full
    fallback_metadata:
      slot_definitions: null
  3d6f16e67dd0cc1a:
    settings:
      default_settings:
        id: 'block_content:footer-social-block'
        label: 'Footer Social'
        label_display: '0'
        provider: block_content
        status: true
        info: ''
        view_mode: full
    fallback_metadata:
      slot_definitions: null
label: 'Footer Social'
id: block.block_content.footer-social-block
provider: block_content
source: block
source_local_id: 'block_content:footer-social-block'
